// !$*UTF8*$!
{
	archiveVersion = 1;
	classes = {
	};
	objectVersion = 52;
	objects = {

/* Begin PBXBuildFile section */
		49A5F90726BD7F9A000119EA /* AppDelegate.swift in Sources */ = {isa = PBXBuildFile; fileRef = 49A5F90626BD7F9A000119EA /* AppDelegate.swift */; };
		49A5F90926BD7F9A000119EA /* SceneDelegate.swift in Sources */ = {isa = PBXBuildFile; fileRef = 49A5F90826BD7F9A000119EA /* SceneDelegate.swift */; };
		49A5F90B26BD7F9A000119EA /* ViewController.swift in Sources */ = {isa = PBXBuildFile; fileRef = 49A5F90A26BD7F9A000119EA /* ViewController.swift */; };
		49A5F90E26BD7F9A000119EA /* Main.storyboard in Resources */ = {isa = PBXBuildFile; fileRef = 49A5F90C26BD7F9A000119EA /* Main.storyboard */; };
		49A5F91026BD7F9A000119EA /* Assets.xcassets in Resources */ = {isa = PBXBuildFile; fileRef = 49A5F90F26BD7F9A000119EA /* Assets.xcassets */; };
		49A5F91326BD7F9A000119EA /* LaunchScreen.storyboard in Resources */ = {isa = PBXBuildFile; fileRef = 49A5F91126BD7F9A000119EA /* LaunchScreen.storyboard */; };
		49CA789D26CC7C6B00457134 /* JudoSDK in Frameworks */ = {isa = PBXBuildFile; productRef = 49CA789C26CC7C6B00457134 /* JudoSDK */; };
		49CA789F26CC7C6B00457134 /* AppboyUI in Frameworks */ = {isa = PBXBuildFile; productRef = 49CA789E26CC7C6B00457134 /* AppboyUI */; };
		49CA78A226CD862300457134 /* Judo-Braze in Frameworks */ = {isa = PBXBuildFile; productRef = 49CA78A126CD862300457134 /* Judo-Braze */; };
/* End PBXBuildFile section */

/* Begin PBXFileReference section */
		49097FC826FA362700A3E3D0 /* judo-braze-ios */ = {isa = PBXFileReference; lastKnownFileType = folder; name = "judo-braze-ios"; path = ..; sourceTree = "<group>"; };
		49A5F90326BD7F9A000119EA /* Judo Braze Demo App.app */ = {isa = PBXFileReference; explicitFileType = wrapper.application; includeInIndex = 0; path = "Judo Braze Demo App.app"; sourceTree = BUILT_PRODUCTS_DIR; };
		49A5F90626BD7F9A000119EA /* AppDelegate.swift */ = {isa = PBXFileReference; lastKnownFileType = sourcecode.swift; path = AppDelegate.swift; sourceTree = "<group>"; };
		49A5F90826BD7F9A000119EA /* SceneDelegate.swift */ = {isa = PBXFileReference; lastKnownFileType = sourcecode.swift; path = SceneDelegate.swift; sourceTree = "<group>"; };
		49A5F90A26BD7F9A000119EA /* ViewController.swift */ = {isa = PBXFileReference; lastKnownFileType = sourcecode.swift; path = ViewController.swift; sourceTree = "<group>"; };
		49A5F90D26BD7F9A000119EA /* Base */ = {isa = PBXFileReference; lastKnownFileType = file.storyboard; name = Base; path = Base.lproj/Main.storyboard; sourceTree = "<group>"; };
		49A5F90F26BD7F9A000119EA /* Assets.xcassets */ = {isa = PBXFileReference; lastKnownFileType = folder.assetcatalog; path = Assets.xcassets; sourceTree = "<group>"; };
		49A5F91226BD7F9A000119EA /* Base */ = {isa = PBXFileReference; lastKnownFileType = file.storyboard; name = Base; path = Base.lproj/LaunchScreen.storyboard; sourceTree = "<group>"; };
		49A5F91426BD7F9A000119EA /* Info.plist */ = {isa = PBXFileReference; lastKnownFileType = text.plist.xml; path = Info.plist; sourceTree = "<group>"; };
/* End PBXFileReference section */

/* Begin PBXFrameworksBuildPhase section */
		49A5F90026BD7F9A000119EA /* Frameworks */ = {
			isa = PBXFrameworksBuildPhase;
			buildActionMask = 2147483647;
			files = (
				49CA78A226CD862300457134 /* Judo-Braze in Frameworks */,
				49CA789F26CC7C6B00457134 /* AppboyUI in Frameworks */,
				49CA789D26CC7C6B00457134 /* JudoSDK in Frameworks */,
			);
			runOnlyForDeploymentPostprocessing = 0;
		};
/* End PBXFrameworksBuildPhase section */

/* Begin PBXGroup section */
		49A5F8FA26BD7F9A000119EA = {
			isa = PBXGroup;
			children = (
				49097FC826FA362700A3E3D0 /* judo-braze-ios */,
				49A5F90526BD7F9A000119EA /* Judo Braze Demo App */,
				49A5F90426BD7F9A000119EA /* Products */,
				49CA789926CC7C6B00457134 /* Frameworks */,
			);
			sourceTree = "<group>";
		};
		49A5F90426BD7F9A000119EA /* Products */ = {
			isa = PBXGroup;
			children = (
				49A5F90326BD7F9A000119EA /* Judo Braze Demo App.app */,
			);
			name = Products;
			sourceTree = "<group>";
		};
		49A5F90526BD7F9A000119EA /* Judo Braze Demo App */ = {
			isa = PBXGroup;
			children = (
				49A5F90626BD7F9A000119EA /* AppDelegate.swift */,
				49A5F90826BD7F9A000119EA /* SceneDelegate.swift */,
				49A5F90A26BD7F9A000119EA /* ViewController.swift */,
				49A5F90C26BD7F9A000119EA /* Main.storyboard */,
				49A5F90F26BD7F9A000119EA /* Assets.xcassets */,
				49A5F91126BD7F9A000119EA /* LaunchScreen.storyboard */,
				49A5F91426BD7F9A000119EA /* Info.plist */,
			);
			path = "Judo Braze Demo App";
			sourceTree = "<group>";
		};
		49CA789926CC7C6B00457134 /* Frameworks */ = {
			isa = PBXGroup;
			children = (
			);
			name = Frameworks;
			sourceTree = "<group>";
		};
/* End PBXGroup section */

/* Begin PBXNativeTarget section */
		49A5F90226BD7F9A000119EA /* Judo Braze Demo App */ = {
			isa = PBXNativeTarget;
			buildConfigurationList = 49A5F91726BD7F9A000119EA /* Build configuration list for PBXNativeTarget "Judo Braze Demo App" */;
			buildPhases = (
				49A5F8FF26BD7F9A000119EA /* Sources */,
				49A5F90026BD7F9A000119EA /* Frameworks */,
				49A5F90126BD7F9A000119EA /* Resources */,
			);
			buildRules = (
			);
			dependencies = (
			);
			name = "Judo Braze Demo App";
			packageProductDependencies = (
				49CA789C26CC7C6B00457134 /* JudoSDK */,
				49CA789E26CC7C6B00457134 /* AppboyUI */,
				49CA78A126CD862300457134 /* Judo-Braze */,
			);
			productName = "Judo Braze Demo App";
			productReference = 49A5F90326BD7F9A000119EA /* Judo Braze Demo App.app */;
			productType = "com.apple.product-type.application";
		};
/* End PBXNativeTarget section */

/* Begin PBXProject section */
		49A5F8FB26BD7F9A000119EA /* Project object */ = {
			isa = PBXProject;
			attributes = {
				LastSwiftUpdateCheck = 1250;
				LastUpgradeCheck = 1250;
				TargetAttributes = {
					49A5F90226BD7F9A000119EA = {
						CreatedOnToolsVersion = 12.5.1;
					};
				};
			};
			buildConfigurationList = 49A5F8FE26BD7F9A000119EA /* Build configuration list for PBXProject "Judo Braze Demo App" */;
			compatibilityVersion = "Xcode 9.3";
			developmentRegion = en;
			hasScannedForEncodings = 0;
			knownRegions = (
				en,
				Base,
			);
			mainGroup = 49A5F8FA26BD7F9A000119EA;
			packageReferences = (
				49A5F91A26BD8001000119EA /* XCRemoteSwiftPackageReference "judo-ios" */,
				49CA789526CC767900457134 /* XCRemoteSwiftPackageReference "braze-ios-sdk" */,
			);
			productRefGroup = 49A5F90426BD7F9A000119EA /* Products */;
			projectDirPath = "";
			projectRoot = "";
			targets = (
				49A5F90226BD7F9A000119EA /* Judo Braze Demo App */,
			);
		};
/* End PBXProject section */

/* Begin PBXResourcesBuildPhase section */
		49A5F90126BD7F9A000119EA /* Resources */ = {
			isa = PBXResourcesBuildPhase;
			buildActionMask = 2147483647;
			files = (
				49A5F91326BD7F9A000119EA /* LaunchScreen.storyboard in Resources */,
				49A5F91026BD7F9A000119EA /* Assets.xcassets in Resources */,
				49A5F90E26BD7F9A000119EA /* Main.storyboard in Resources */,
			);
			runOnlyForDeploymentPostprocessing = 0;
		};
/* End PBXResourcesBuildPhase section */

/* Begin PBXSourcesBuildPhase section */
		49A5F8FF26BD7F9A000119EA /* Sources */ = {
			isa = PBXSourcesBuildPhase;
			buildActionMask = 2147483647;
			files = (
				49A5F90B26BD7F9A000119EA /* ViewController.swift in Sources */,
				49A5F90726BD7F9A000119EA /* AppDelegate.swift in Sources */,
				49A5F90926BD7F9A000119EA /* SceneDelegate.swift in Sources */,
			);
			runOnlyForDeploymentPostprocessing = 0;
		};
/* End PBXSourcesBuildPhase section */

/* Begin PBXVariantGroup section */
		49A5F90C26BD7F9A000119EA /* Main.storyboard */ = {
			isa = PBXVariantGroup;
			children = (
				49A5F90D26BD7F9A000119EA /* Base */,
			);
			name = Main.storyboard;
			sourceTree = "<group>";
		};
		49A5F91126BD7F9A000119EA /* LaunchScreen.storyboard */ = {
			isa = PBXVariantGroup;
			children = (
				49A5F91226BD7F9A000119EA /* Base */,
			);
			name = LaunchScreen.storyboard;
			sourceTree = "<group>";
		};
/* End PBXVariantGroup section */

/* Begin XCBuildConfiguration section */
		49A5F91526BD7F9A000119EA /* Debug */ = {
			isa = XCBuildConfiguration;
			buildSettings = {
				ALWAYS_SEARCH_USER_PATHS = NO;
				CLANG_ANALYZER_NONNULL = YES;
				CLANG_ANALYZER_NUMBER_OBJECT_CONVERSION = YES_AGGRESSIVE;
				CLANG_CXX_LANGUAGE_STANDARD = "gnu++14";
				CLANG_CXX_LIBRARY = "libc++";
				CLANG_ENABLE_MODULES = YES;
				CLANG_ENABLE_OBJC_ARC = YES;
				CLANG_ENABLE_OBJC_WEAK = YES;
				CLANG_WARN_BLOCK_CAPTURE_AUTORELEASING = YES;
				CLANG_WARN_BOOL_CONVERSION = YES;
				CLANG_WARN_COMMA = YES;
				CLANG_WARN_CONSTANT_CONVERSION = YES;
				CLANG_WARN_DEPRECATED_OBJC_IMPLEMENTATIONS = YES;
				CLANG_WARN_DIRECT_OBJC_ISA_USAGE = YES_ERROR;
				CLANG_WARN_DOCUMENTATION_COMMENTS = YES;
				CLANG_WARN_EMPTY_BODY = YES;
				CLANG_WARN_ENUM_CONVERSION = YES;
				CLANG_WARN_INFINITE_RECURSION = YES;
				CLANG_WARN_INT_CONVERSION = YES;
				CLANG_WARN_NON_LITERAL_NULL_CONVERSION = YES;
				CLANG_WARN_OBJC_IMPLICIT_RETAIN_SELF = YES;
				CLANG_WARN_OBJC_LITERAL_CONVERSION = YES;
				CLANG_WARN_OBJC_ROOT_CLASS = YES_ERROR;
				CLANG_WARN_QUOTED_INCLUDE_IN_FRAMEWORK_HEADER = YES;
				CLANG_WARN_RANGE_LOOP_ANALYSIS = YES;
				CLANG_WARN_STRICT_PROTOTYPES = YES;
				CLANG_WARN_SUSPICIOUS_MOVE = YES;
				CLANG_WARN_UNGUARDED_AVAILABILITY = YES_AGGRESSIVE;
				CLANG_WARN_UNREACHABLE_CODE = YES;
				CLANG_WARN__DUPLICATE_METHOD_MATCH = YES;
				COPY_PHASE_STRIP = NO;
				DEBUG_INFORMATION_FORMAT = dwarf;
				ENABLE_STRICT_OBJC_MSGSEND = YES;
				ENABLE_TESTABILITY = YES;
				GCC_C_LANGUAGE_STANDARD = gnu11;
				GCC_DYNAMIC_NO_PIC = NO;
				GCC_NO_COMMON_BLOCKS = YES;
				GCC_OPTIMIZATION_LEVEL = 0;
				GCC_PREPROCESSOR_DEFINITIONS = (
					"DEBUG=1",
					"$(inherited)",
				);
				GCC_WARN_64_TO_32_BIT_CONVERSION = YES;
				GCC_WARN_ABOUT_RETURN_TYPE = YES_ERROR;
				GCC_WARN_UNDECLARED_SELECTOR = YES;
				GCC_WARN_UNINITIALIZED_AUTOS = YES_AGGRESSIVE;
				GCC_WARN_UNUSED_FUNCTION = YES;
				GCC_WARN_UNUSED_VARIABLE = YES;
				IPHONEOS_DEPLOYMENT_TARGET = 14.5;
				MTL_ENABLE_DEBUG_INFO = INCLUDE_SOURCE;
				MTL_FAST_MATH = YES;
				ONLY_ACTIVE_ARCH = YES;
				SDKROOT = iphoneos;
				SWIFT_ACTIVE_COMPILATION_CONDITIONS = DEBUG;
				SWIFT_OPTIMIZATION_LEVEL = "-Onone";
			};
			name = Debug;
		};
		49A5F91626BD7F9A000119EA /* Release */ = {
			isa = XCBuildConfiguration;
			buildSettings = {
				ALWAYS_SEARCH_USER_PATHS = NO;
				CLANG_ANALYZER_NONNULL = YES;
				CLANG_ANALYZER_NUMBER_OBJECT_CONVERSION = YES_AGGRESSIVE;
				CLANG_CXX_LANGUAGE_STANDARD = "gnu++14";
				CLANG_CXX_LIBRARY = "libc++";
				CLANG_ENABLE_MODULES = YES;
				CLANG_ENABLE_OBJC_ARC = YES;
				CLANG_ENABLE_OBJC_WEAK = YES;
				CLANG_WARN_BLOCK_CAPTURE_AUTORELEASING = YES;
				CLANG_WARN_BOOL_CONVERSION = YES;
				CLANG_WARN_COMMA = YES;
				CLANG_WARN_CONSTANT_CONVERSION = YES;
				CLANG_WARN_DEPRECATED_OBJC_IMPLEMENTATIONS = YES;
				CLANG_WARN_DIRECT_OBJC_ISA_USAGE = YES_ERROR;
				CLANG_WARN_DOCUMENTATION_COMMENTS = YES;
				CLANG_WARN_EMPTY_BODY = YES;
				CLANG_WARN_ENUM_CONVERSION = YES;
				CLANG_WARN_INFINITE_RECURSION = YES;
				CLANG_WARN_INT_CONVERSION = YES;
				CLANG_WARN_NON_LITERAL_NULL_CONVERSION = YES;
				CLANG_WARN_OBJC_IMPLICIT_RETAIN_SELF = YES;
				CLANG_WARN_OBJC_LITERAL_CONVERSION = YES;
				CLANG_WARN_OBJC_ROOT_CLASS = YES_ERROR;
				CLANG_WARN_QUOTED_INCLUDE_IN_FRAMEWORK_HEADER = YES;
				CLANG_WARN_RANGE_LOOP_ANALYSIS = YES;
				CLANG_WARN_STRICT_PROTOTYPES = YES;
				CLANG_WARN_SUSPICIOUS_MOVE = YES;
				CLANG_WARN_UNGUARDED_AVAILABILITY = YES_AGGRESSIVE;
				CLANG_WARN_UNREACHABLE_CODE = YES;
				CLANG_WARN__DUPLICATE_METHOD_MATCH = YES;
				COPY_PHASE_STRIP = NO;
				DEBUG_INFORMATION_FORMAT = "dwarf-with-dsym";
				ENABLE_NS_ASSERTIONS = NO;
				ENABLE_STRICT_OBJC_MSGSEND = YES;
				GCC_C_LANGUAGE_STANDARD = gnu11;
				GCC_NO_COMMON_BLOCKS = YES;
				GCC_WARN_64_TO_32_BIT_CONVERSION = YES;
				GCC_WARN_ABOUT_RETURN_TYPE = YES_ERROR;
				GCC_WARN_UNDECLARED_SELECTOR = YES;
				GCC_WARN_UNINITIALIZED_AUTOS = YES_AGGRESSIVE;
				GCC_WARN_UNUSED_FUNCTION = YES;
				GCC_WARN_UNUSED_VARIABLE = YES;
				IPHONEOS_DEPLOYMENT_TARGET = 14.5;
				MTL_ENABLE_DEBUG_INFO = NO;
				MTL_FAST_MATH = YES;
				SDKROOT = iphoneos;
				SWIFT_COMPILATION_MODE = wholemodule;
				SWIFT_OPTIMIZATION_LEVEL = "-O";
				VALIDATE_PRODUCT = YES;
			};
			name = Release;
		};
		49A5F91826BD7F9A000119EA /* Debug */ = {
			isa = XCBuildConfiguration;
			buildSettings = {
				ASSETCATALOG_COMPILER_APPICON_NAME = AppIcon;
				ASSETCATALOG_COMPILER_GLOBAL_ACCENT_COLOR_NAME = AccentColor;
				CODE_SIGN_STYLE = Automatic;
				DEVELOPMENT_TEAM = WDEZX8QD47;
				INFOPLIST_FILE = "Judo Braze Demo App/Info.plist";
				LD_RUNPATH_SEARCH_PATHS = (
					"$(inherited)",
					"@executable_path/Frameworks",
				);
				OTHER_LDFLAGS = "-ObjC";
				PRODUCT_BUNDLE_IDENTIFIER = "io.rover.Judo-Braze-Demo-App";
				PRODUCT_NAME = "$(TARGET_NAME)";
				SWIFT_VERSION = 5.0;
				TARGETED_DEVICE_FAMILY = "1,2";
			};
			name = Debug;
		};
		49A5F91926BD7F9A000119EA /* Release */ = {
			isa = XCBuildConfiguration;
			buildSettings = {
				ASSETCATALOG_COMPILER_APPICON_NAME = AppIcon;
				ASSETCATALOG_COMPILER_GLOBAL_ACCENT_COLOR_NAME = AccentColor;
				CODE_SIGN_STYLE = Automatic;
				DEVELOPMENT_TEAM = WDEZX8QD47;
				INFOPLIST_FILE = "Judo Braze Demo App/Info.plist";
				LD_RUNPATH_SEARCH_PATHS = (
					"$(inherited)",
					"@executable_path/Frameworks",
				);
				OTHER_LDFLAGS = "-ObjC";
				PRODUCT_BUNDLE_IDENTIFIER = "io.rover.Judo-Braze-Demo-App";
				PRODUCT_NAME = "$(TARGET_NAME)";
				SWIFT_VERSION = 5.0;
				TARGETED_DEVICE_FAMILY = "1,2";
			};
			name = Release;
		};
/* End XCBuildConfiguration section */

/* Begin XCConfigurationList section */
		49A5F8FE26BD7F9A000119EA /* Build configuration list for PBXProject "Judo Braze Demo App" */ = {
			isa = XCConfigurationList;
			buildConfigurations = (
				49A5F91526BD7F9A000119EA /* Debug */,
				49A5F91626BD7F9A000119EA /* Release */,
			);
			defaultConfigurationIsVisible = 0;
			defaultConfigurationName = Release;
		};
		49A5F91726BD7F9A000119EA /* Build configuration list for PBXNativeTarget "Judo Braze Demo App" */ = {
			isa = XCConfigurationList;
			buildConfigurations = (
				49A5F91826BD7F9A000119EA /* Debug */,
				49A5F91926BD7F9A000119EA /* Release */,
			);
			defaultConfigurationIsVisible = 0;
			defaultConfigurationName = Release;
		};
/* End XCConfigurationList section */

/* Begin XCRemoteSwiftPackageReference section */
		49A5F91A26BD8001000119EA /* XCRemoteSwiftPackageReference "judo-ios" */ = {
			isa = XCRemoteSwiftPackageReference;
			repositoryURL = "https://github.com/judoapp/judo-ios";
			requirement = {
				kind = upToNextMajorVersion;
				minimumVersion = 1.2.1;
			};
		};
		49CA789526CC767900457134 /* XCRemoteSwiftPackageReference "braze-ios-sdk" */ = {
			isa = XCRemoteSwiftPackageReference;
			repositoryURL = "https://github.com/braze-inc/braze-ios-sdk";
			requirement = {
				kind = upToNextMajorVersion;
				minimumVersion = 4.3.2;
			};
		};
/* End XCRemoteSwiftPackageReference section */

/* Begin XCSwiftPackageProductDependency section */
		49CA789C26CC7C6B00457134 /* JudoSDK */ = {
			isa = XCSwiftPackageProductDependency;
			package = 49A5F91A26BD8001000119EA /* XCRemoteSwiftPackageReference "judo-ios" */;
			productName = JudoSDK;
		};
		49CA789E26CC7C6B00457134 /* AppboyUI */ = {
			isa = XCSwiftPackageProductDependency;
			package = 49CA789526CC767900457134 /* XCRemoteSwiftPackageReference "braze-ios-sdk" */;
			productName = AppboyUI;
		};
		49CA78A126CD862300457134 /* Judo-Braze */ = {
			isa = XCSwiftPackageProductDependency;
			productName = "Judo-Braze";
		};
/* End XCSwiftPackageProductDependency section */
	};
	rootObject = 49A5F8FB26BD7F9A000119EA /* Project object */;
}
